
Microsoft Visual Studio Solution File, Format Version 12.00
# Visual Studio 14
VisualStudioVersion = 14.0.25420.1
MinimumVisualStudioVersion = 10.0.40219.1
Project("{FAE04EC0-301F-11D3-BF4B-00C04F79EFBC}") = "codewars", "codewars\codewars.csproj", "{1D6D2DDA-9955-4BE7-BE51-4FEF136CD27B}"
EndProject
Project("{FAE04EC0-301F-11D3-BF4B-00C04F79EFBC}") = "Test", "Test\Test.csproj", "{65838498-88C8-4F15-9A5B-57263223A824}"
EndProject
Global
	GlobalSection(SolutionConfigurationPlatforms) = preSolution
		Debug|Any CPU = Debug|Any CPU
		Release|Any CPU = Release|Any CPU
	EndGlobalSection
	GlobalSection(ProjectConfigurationPlatforms) = postSolution
		{1D6D2DDA-9955-4BE7-BE51-4FEF136CD27B}.Debug|Any CPU.ActiveCfg = Debug|Any CPU
		{1D6D2DDA-9955-4BE7-BE51-4FEF136CD27B}.Debug|Any CPU.Build.0 = Debug|Any CPU
		{1D6D2DDA-9955-4BE7-BE51-4FEF136CD27B}.Release|Any CPU.ActiveCfg = Release|Any CPU
		{1D6D2DDA-9955-4BE7-BE51-4FEF136CD27B}.Release|Any CPU.Build.0 = Release|Any CPU
		{65838498-88C8-4F15-9A5B-57263223A824}.Debug|Any CPU.ActiveCfg = Debug|Any CPU
		{65838498-88C8-4F15-9A5B-57263223A824}.Debug|Any CPU.Build.0 = Debug|Any CPU
		{65838498-88C8-4F15-9A5B-57263223A824}.Release|Any CPU.ActiveCfg = Release|Any CPU
		{65838498-88C8-4F15-9A5B-57263223A824}.Release|Any CPU.Build.0 = Release|Any CPU
	EndGlobalSection
	GlobalSection(SolutionProperties) = preSolution
		HideSolutionNode = FALSE
	EndGlobalSection
EndGlobal
